
Microsoft Visual Studio Solution File, Format Version 12.00
# Visual Studio Version 16
VisualStudioVersion = 16.0.28407.52
MinimumVisualStudioVersion = 10.0.40219.1
Project("{9A19103F-16F7-4668-BE54-9A1E7A4F7556}") = "ClubNet.WebSite", "Site\ClubNet.WebSite\ClubNet.WebSite.csproj", "{44910F4D-49FF-41EB-B234-EB88092E9339}"
EndProject
Project("{E53339B2-1760-4266-BCC7-CA923CBCF16C}") = "docker-compose", "docker-compose.dcproj", "{981CC055-A69A-4A42-B885-FE66D32E8CAE}"
EndProject
Project("{2150E333-8FDC-42A3-9474-1A3956D46DE8}") = "Site", "Site", "{D30B7664-6296-427E-9840-1091C77FFD21}"
EndProject
Project("{2150E333-8FDC-42A3-9474-1A3956D46DE8}") = "Mobile", "Mobile", "{452579F5-0F58-4DC5-934C-6ECFA68A6C02}"
EndProject
Project("{2150E333-8FDC-42A3-9474-1A3956D46DE8}") = "Shared", "Shared", "{3D57F656-98E0-47C3-80D4-B29B101C3CDD}"
EndProject
Project("{9A19103F-16F7-4668-BE54-9A1E7A4F7556}") = "ClubNet.Shared.Api", "Shared\ClubNet.Shared.Api\ClubNet.Shared.Api.csproj", "{0E510CE2-BAC5-4321-9645-9720A05A80A6}"
EndProject
Project("{9A19103F-16F7-4668-BE54-9A1E7A4F7556}") = "ClubNet.WebSite.DataLayer", "Site\ClubNet.WebSite.DataLayer\ClubNet.WebSite.DataLayer.csproj", "{3C0F622D-6B11-4FC7-894C-B81A08E72870}"
EndProject
Project("{9A19103F-16F7-4668-BE54-9A1E7A4F7556}") = "ClubNet.WebSite.BusinessLayer", "Site\ClubNet.WebSite.BusinessLayer\ClubNet.WebSite.BusinessLayer.csproj", "{7D19E44C-C829-42E2-9423-E275861A8FE2}"
EndProject
Project("{9A19103F-16F7-4668-BE54-9A1E7A4F7556}") = "ClubNet.WebSite.Services", "Site\ClubNet.WebSite.Services\ClubNet.WebSite.Services.csproj", "{63450DA5-907D-4950-9C06-C2F6DAFB3023}"
EndProject
Project("{9A19103F-16F7-4668-BE54-9A1E7A4F7556}") = "ClubNet.WebSite.Common", "Site\ClubNet.WebSite.Common\ClubNet.WebSite.Common.csproj", "{F73DC8EC-40A1-496A-8BC1-EDF2AFDD5DD7}"
EndProject
Project("{9A19103F-16F7-4668-BE54-9A1E7A4F7556}") = "ClubNet.WebSite.Domain", "Site\ClubNet.WebSite.Domain\ClubNet.WebSite.Domain.csproj", "{DEF319C0-2EE6-4BD8-BF0B-64CFFDB48B16}"
EndProject
Project("{9A19103F-16F7-4668-BE54-9A1E7A4F7556}") = "ClubNet.Framework", "Shared\ClubNet.Framework\ClubNet.Framework.csproj", "{72FED193-570A-4BCE-A1F1-667A7993001D}"
EndProject
Project("{2150E333-8FDC-42A3-9474-1A3956D46DE8}") = "Test", "Test", "{8DE1F8A3-2DF9-4044-9761-1DA8740F4F1C}"
EndProject
Project("{9A19103F-16F7-4668-BE54-9A1E7A4F7556}") = "ClubNet.WebSite.UTest", "Test\ClubNet.WebSite.UTest\ClubNet.WebSite.UTest.csproj", "{C64DF6DA-6AAD-49D0-9E3F-014FA2DB0F4A}"
EndProject
Project("{9A19103F-16F7-4668-BE54-9A1E7A4F7556}") = "ClubNet.Website.Services.UTest", "Test\ClubNet.Website.Services.UTest\ClubNet.Website.Services.UTest.csproj", "{CB61DCF3-0A33-4F65-A78E-6E3B7C0AF219}"
EndProject
Global
	GlobalSection(SolutionConfigurationPlatforms) = preSolution
		Debug|Any CPU = Debug|Any CPU
		Debug|ARM = Debug|ARM
		Debug|iPhone = Debug|iPhone
		Debug|iPhoneSimulator = Debug|iPhoneSimulator
		Debug|x64 = Debug|x64
		Debug|x86 = Debug|x86
		Release|Any CPU = Release|Any CPU
		Release|ARM = Release|ARM
		Release|iPhone = Release|iPhone
		Release|iPhoneSimulator = Release|iPhoneSimulator
		Release|x64 = Release|x64
		Release|x86 = Release|x86
	EndGlobalSection
	GlobalSection(ProjectConfigurationPlatforms) = postSolution
		{44910F4D-49FF-41EB-B234-EB88092E9339}.Debug|Any CPU.ActiveCfg = Debug|Any CPU
		{44910F4D-49FF-41EB-B234-EB88092E9339}.Debug|Any CPU.Build.0 = Debug|Any CPU
		{44910F4D-49FF-41EB-B234-EB88092E9339}.Debug|ARM.ActiveCfg = Debug|Any CPU
		{44910F4D-49FF-41EB-B234-EB88092E9339}.Debug|ARM.Build.0 = Debug|Any CPU
		{44910F4D-49FF-41EB-B234-EB88092E9339}.Debug|iPhone.ActiveCfg = Debug|Any CPU
		{44910F4D-49FF-41EB-B234-EB88092E9339}.Debug|iPhone.Build.0 = Debug|Any CPU
		{44910F4D-49FF-41EB-B234-EB88092E9339}.Debug|iPhoneSimulator.ActiveCfg = Debug|Any CPU
		{44910F4D-49FF-41EB-B234-EB88092E9339}.Debug|iPhoneSimulator.Build.0 = Debug|Any CPU
		{44910F4D-49FF-41EB-B234-EB88092E9339}.Debug|x64.ActiveCfg = Debug|Any CPU
		{44910F4D-49FF-41EB-B234-EB88092E9339}.Debug|x64.Build.0 = Debug|Any CPU
		{44910F4D-49FF-41EB-B234-EB88092E9339}.Debug|x86.ActiveCfg = Debug|Any CPU
		{44910F4D-49FF-41EB-B234-EB88092E9339}.Debug|x86.Build.0 = Debug|Any CPU
		{44910F4D-49FF-41EB-B234-EB88092E9339}.Release|Any CPU.ActiveCfg = Release|Any CPU
		{44910F4D-49FF-41EB-B234-EB88092E9339}.Release|Any CPU.Build.0 = Release|Any CPU
		{44910F4D-49FF-41EB-B234-EB88092E9339}.Release|ARM.ActiveCfg = Release|Any CPU
		{44910F4D-49FF-41EB-B234-EB88092E9339}.Release|ARM.Build.0 = Release|Any CPU
		{44910F4D-49FF-41EB-B234-EB88092E9339}.Release|iPhone.ActiveCfg = Release|Any CPU
		{44910F4D-49FF-41EB-B234-EB88092E9339}.Release|iPhone.Build.0 = Release|Any CPU
		{44910F4D-49FF-41EB-B234-EB88092E9339}.Release|iPhoneSimulator.ActiveCfg = Release|Any CPU
		{44910F4D-49FF-41EB-B234-EB88092E9339}.Release|iPhoneSimulator.Build.0 = Release|Any CPU
		{44910F4D-49FF-41EB-B234-EB88092E9339}.Release|x64.ActiveCfg = Release|Any CPU
		{44910F4D-49FF-41EB-B234-EB88092E9339}.Release|x64.Build.0 = Release|Any CPU
		{44910F4D-49FF-41EB-B234-EB88092E9339}.Release|x86.ActiveCfg = Release|Any CPU
		{44910F4D-49FF-41EB-B234-EB88092E9339}.Release|x86.Build.0 = Release|Any CPU
		{981CC055-A69A-4A42-B885-FE66D32E8CAE}.Debug|Any CPU.ActiveCfg = Debug|Any CPU
		{981CC055-A69A-4A42-B885-FE66D32E8CAE}.Debug|Any CPU.Build.0 = Debug|Any CPU
		{981CC055-A69A-4A42-B885-FE66D32E8CAE}.Debug|ARM.ActiveCfg = Debug|Any CPU
		{981CC055-A69A-4A42-B885-FE66D32E8CAE}.Debug|ARM.Build.0 = Debug|Any CPU
		{981CC055-A69A-4A42-B885-FE66D32E8CAE}.Debug|iPhone.ActiveCfg = Debug|Any CPU
		{981CC055-A69A-4A42-B885-FE66D32E8CAE}.Debug|iPhone.Build.0 = Debug|Any CPU
		{981CC055-A69A-4A42-B885-FE66D32E8CAE}.Debug|iPhoneSimulator.ActiveCfg = Debug|Any CPU
		{981CC055-A69A-4A42-B885-FE66D32E8CAE}.Debug|iPhoneSimulator.Build.0 = Debug|Any CPU
		{981CC055-A69A-4A42-B885-FE66D32E8CAE}.Debug|x64.ActiveCfg = Debug|Any CPU
		{981CC055-A69A-4A42-B885-FE66D32E8CAE}.Debug|x64.Build.0 = Debug|Any CPU
		{981CC055-A69A-4A42-B885-FE66D32E8CAE}.Debug|x86.ActiveCfg = Debug|Any CPU
		{981CC055-A69A-4A42-B885-FE66D32E8CAE}.Debug|x86.Build.0 = Debug|Any CPU
		{981CC055-A69A-4A42-B885-FE66D32E8CAE}.Release|Any CPU.ActiveCfg = Release|Any CPU
		{981CC055-A69A-4A42-B885-FE66D32E8CAE}.Release|Any CPU.Build.0 = Release|Any CPU
		{981CC055-A69A-4A42-B885-FE66D32E8CAE}.Release|ARM.ActiveCfg = Release|Any CPU
		{981CC055-A69A-4A42-B885-FE66D32E8CAE}.Release|ARM.Build.0 = Release|Any CPU
		{981CC055-A69A-4A42-B885-FE66D32E8CAE}.Release|iPhone.ActiveCfg = Release|Any CPU
		{981CC055-A69A-4A42-B885-FE66D32E8CAE}.Release|iPhone.Build.0 = Release|Any CPU
		{981CC055-A69A-4A42-B885-FE66D32E8CAE}.Release|iPhoneSimulator.ActiveCfg = Release|Any CPU
		{981CC055-A69A-4A42-B885-FE66D32E8CAE}.Release|iPhoneSimulator.Build.0 = Release|Any CPU
		{981CC055-A69A-4A42-B885-FE66D32E8CAE}.Release|x64.ActiveCfg = Release|Any CPU
		{981CC055-A69A-4A42-B885-FE66D32E8CAE}.Release|x64.Build.0 = Release|Any CPU
		{981CC055-A69A-4A42-B885-FE66D32E8CAE}.Release|x86.ActiveCfg = Release|Any CPU
		{981CC055-A69A-4A42-B885-FE66D32E8CAE}.Release|x86.Build.0 = Release|Any CPU
		{0E510CE2-BAC5-4321-9645-9720A05A80A6}.Debug|Any CPU.ActiveCfg = Debug|Any CPU
		{0E510CE2-BAC5-4321-9645-9720A05A80A6}.Debug|Any CPU.Build.0 = Debug|Any CPU
		{0E510CE2-BAC5-4321-9645-9720A05A80A6}.Debug|ARM.ActiveCfg = Debug|Any CPU
		{0E510CE2-BAC5-4321-9645-9720A05A80A6}.Debug|ARM.Build.0 = Debug|Any CPU
		{0E510CE2-BAC5-4321-9645-9720A05A80A6}.Debug|iPhone.ActiveCfg = Debug|Any CPU
		{0E510CE2-BAC5-4321-9645-9720A05A80A6}.Debug|iPhone.Build.0 = Debug|Any CPU
		{0E510CE2-BAC5-4321-9645-9720A05A80A6}.Debug|iPhoneSimulator.ActiveCfg = Debug|Any CPU
		{0E510CE2-BAC5-4321-9645-9720A05A80A6}.Debug|iPhoneSimulator.Build.0 = Debug|Any CPU
		{0E510CE2-BAC5-4321-9645-9720A05A80A6}.Debug|x64.ActiveCfg = Debug|Any CPU
		{0E510CE2-BAC5-4321-9645-9720A05A80A6}.Debug|x64.Build.0 = Debug|Any CPU
		{0E510CE2-BAC5-4321-9645-9720A05A80A6}.Debug|x86.ActiveCfg = Debug|Any CPU
		{0E510CE2-BAC5-4321-9645-9720A05A80A6}.Debug|x86.Build.0 = Debug|Any CPU
		{0E510CE2-BAC5-4321-9645-9720A05A80A6}.Release|Any CPU.ActiveCfg = Release|Any CPU
		{0E510CE2-BAC5-4321-9645-9720A05A80A6}.Release|Any CPU.Build.0 = Release|Any CPU
		{0E510CE2-BAC5-4321-9645-9720A05A80A6}.Release|ARM.ActiveCfg = Release|Any CPU
		{0E510CE2-BAC5-4321-9645-9720A05A80A6}.Release|ARM.Build.0 = Release|Any CPU
		{0E510CE2-BAC5-4321-9645-9720A05A80A6}.Release|iPhone.ActiveCfg = Release|Any CPU
		{0E510CE2-BAC5-4321-9645-9720A05A80A6}.Release|iPhone.Build.0 = Release|Any CPU
		{0E510CE2-BAC5-4321-9645-9720A05A80A6}.Release|iPhoneSimulator.ActiveCfg = Release|Any CPU
		{0E510CE2-BAC5-4321-9645-9720A05A80A6}.Release|iPhoneSimulator.Build.0 = Release|Any CPU
		{0E510CE2-BAC5-4321-9645-9720A05A80A6}.Release|x64.ActiveCfg = Release|Any CPU
		{0E510CE2-BAC5-4321-9645-9720A05A80A6}.Release|x64.Build.0 = Release|Any CPU
		{0E510CE2-BAC5-4321-9645-9720A05A80A6}.Release|x86.ActiveCfg = Release|Any CPU
		{0E510CE2-BAC5-4321-9645-9720A05A80A6}.Release|x86.Build.0 = Release|Any CPU
		{3C0F622D-6B11-4FC7-894C-B81A08E72870}.Debug|Any CPU.ActiveCfg = Debug|Any CPU
		{3C0F622D-6B11-4FC7-894C-B81A08E72870}.Debug|Any CPU.Build.0 = Debug|Any CPU
		{3C0F622D-6B11-4FC7-894C-B81A08E72870}.Debug|ARM.ActiveCfg = Debug|Any CPU
		{3C0F622D-6B11-4FC7-894C-B81A08E72870}.Debug|ARM.Build.0 = Debug|Any CPU
		{3C0F622D-6B11-4FC7-894C-B81A08E72870}.Debug|iPhone.ActiveCfg = Debug|Any CPU
		{3C0F622D-6B11-4FC7-894C-B81A08E72870}.Debug|iPhone.Build.0 = Debug|Any CPU
		{3C0F622D-6B11-4FC7-894C-B81A08E72870}.Debug|iPhoneSimulator.ActiveCfg = Debug|Any CPU
		{3C0F622D-6B11-4FC7-894C-B81A08E72870}.Debug|iPhoneSimulator.Build.0 = Debug|Any CPU
		{3C0F622D-6B11-4FC7-894C-B81A08E72870}.Debug|x64.ActiveCfg = Debug|Any CPU
		{3C0F622D-6B11-4FC7-894C-B81A08E72870}.Debug|x64.Build.0 = Debug|Any CPU
		{3C0F622D-6B11-4FC7-894C-B81A08E72870}.Debug|x86.ActiveCfg = Debug|Any CPU
		{3C0F622D-6B11-4FC7-894C-B81A08E72870}.Debug|x86.Build.0 = Debug|Any CPU
		{3C0F622D-6B11-4FC7-894C-B81A08E72870}.Release|Any CPU.ActiveCfg = Release|Any CPU
		{3C0F622D-6B11-4FC7-894C-B81A08E72870}.Release|Any CPU.Build.0 = Release|Any CPU
		{3C0F622D-6B11-4FC7-894C-B81A08E72870}.Release|ARM.ActiveCfg = Release|Any CPU
		{3C0F622D-6B11-4FC7-894C-B81A08E72870}.Release|ARM.Build.0 = Release|Any CPU
		{3C0F622D-6B11-4FC7-894C-B81A08E72870}.Release|iPhone.ActiveCfg = Release|Any CPU
		{3C0F622D-6B11-4FC7-894C-B81A08E72870}.Release|iPhone.Build.0 = Release|Any CPU
		{3C0F622D-6B11-4FC7-894C-B81A08E72870}.Release|iPhoneSimulator.ActiveCfg = Release|Any CPU
		{3C0F622D-6B11-4FC7-894C-B81A08E72870}.Release|iPhoneSimulator.Build.0 = Release|Any CPU
		{3C0F622D-6B11-4FC7-894C-B81A08E72870}.Release|x64.ActiveCfg = Release|Any CPU
		{3C0F622D-6B11-4FC7-894C-B81A08E72870}.Release|x64.Build.0 = Release|Any CPU
		{3C0F622D-6B11-4FC7-894C-B81A08E72870}.Release|x86.ActiveCfg = Release|Any CPU
		{3C0F622D-6B11-4FC7-894C-B81A08E72870}.Release|x86.Build.0 = Release|Any CPU
		{7D19E44C-C829-42E2-9423-E275861A8FE2}.Debug|Any CPU.ActiveCfg = Debug|Any CPU
		{7D19E44C-C829-42E2-9423-E275861A8FE2}.Debug|Any CPU.Build.0 = Debug|Any CPU
		{7D19E44C-C829-42E2-9423-E275861A8FE2}.Debug|ARM.ActiveCfg = Debug|Any CPU
		{7D19E44C-C829-42E2-9423-E275861A8FE2}.Debug|ARM.Build.0 = Debug|Any CPU
		{7D19E44C-C829-42E2-9423-E275861A8FE2}.Debug|iPhone.ActiveCfg = Debug|Any CPU
		{7D19E44C-C829-42E2-9423-E275861A8FE2}.Debug|iPhone.Build.0 = Debug|Any CPU
		{7D19E44C-C829-42E2-9423-E275861A8FE2}.Debug|iPhoneSimulator.ActiveCfg = Debug|Any CPU
		{7D19E44C-C829-42E2-9423-E275861A8FE2}.Debug|iPhoneSimulator.Build.0 = Debug|Any CPU
		{7D19E44C-C829-42E2-9423-E275861A8FE2}.Debug|x64.ActiveCfg = Debug|Any CPU
		{7D19E44C-C829-42E2-9423-E275861A8FE2}.Debug|x64.Build.0 = Debug|Any CPU
		{7D19E44C-C829-42E2-9423-E275861A8FE2}.Debug|x86.ActiveCfg = Debug|Any CPU
		{7D19E44C-C829-42E2-9423-E275861A8FE2}.Debug|x86.Build.0 = Debug|Any CPU
		{7D19E44C-C829-42E2-9423-E275861A8FE2}.Release|Any CPU.ActiveCfg = Release|Any CPU
		{7D19E44C-C829-42E2-9423-E275861A8FE2}.Release|Any CPU.Build.0 = Release|Any CPU
		{7D19E44C-C829-42E2-9423-E275861A8FE2}.Release|ARM.ActiveCfg = Release|Any CPU
		{7D19E44C-C829-42E2-9423-E275861A8FE2}.Release|ARM.Build.0 = Release|Any CPU
		{7D19E44C-C829-42E2-9423-E275861A8FE2}.Release|iPhone.ActiveCfg = Release|Any CPU
		{7D19E44C-C829-42E2-9423-E275861A8FE2}.Release|iPhone.Build.0 = Release|Any CPU
		{7D19E44C-C829-42E2-9423-E275861A8FE2}.Release|iPhoneSimulator.ActiveCfg = Release|Any CPU
		{7D19E44C-C829-42E2-9423-E275861A8FE2}.Release|iPhoneSimulator.Build.0 = Release|Any CPU
		{7D19E44C-C829-42E2-9423-E275861A8FE2}.Release|x64.ActiveCfg = Release|Any CPU
		{7D19E44C-C829-42E2-9423-E275861A8FE2}.Release|x64.Build.0 = Release|Any CPU
		{7D19E44C-C829-42E2-9423-E275861A8FE2}.Release|x86.ActiveCfg = Release|Any CPU
		{7D19E44C-C829-42E2-9423-E275861A8FE2}.Release|x86.Build.0 = Release|Any CPU
		{63450DA5-907D-4950-9C06-C2F6DAFB3023}.Debug|Any CPU.ActiveCfg = Debug|Any CPU
		{63450DA5-907D-4950-9C06-C2F6DAFB3023}.Debug|Any CPU.Build.0 = Debug|Any CPU
		{63450DA5-907D-4950-9C06-C2F6DAFB3023}.Debug|ARM.ActiveCfg = Debug|Any CPU
		{63450DA5-907D-4950-9C06-C2F6DAFB3023}.Debug|ARM.Build.0 = Debug|Any CPU
		{63450DA5-907D-4950-9C06-C2F6DAFB3023}.Debug|iPhone.ActiveCfg = Debug|Any CPU
		{63450DA5-907D-4950-9C06-C2F6DAFB3023}.Debug|iPhone.Build.0 = Debug|Any CPU
		{63450DA5-907D-4950-9C06-C2F6DAFB3023}.Debug|iPhoneSimulator.ActiveCfg = Debug|Any CPU
		{63450DA5-907D-4950-9C06-C2F6DAFB3023}.Debug|iPhoneSimulator.Build.0 = Debug|Any CPU
		{63450DA5-907D-4950-9C06-C2F6DAFB3023}.Debug|x64.ActiveCfg = Debug|Any CPU
		{63450DA5-907D-4950-9C06-C2F6DAFB3023}.Debug|x64.Build.0 = Debug|Any CPU
		{63450DA5-907D-4950-9C06-C2F6DAFB3023}.Debug|x86.ActiveCfg = Debug|Any CPU
		{63450DA5-907D-4950-9C06-C2F6DAFB3023}.Debug|x86.Build.0 = Debug|Any CPU
		{63450DA5-907D-4950-9C06-C2F6DAFB3023}.Release|Any CPU.ActiveCfg = Release|Any CPU
		{63450DA5-907D-4950-9C06-C2F6DAFB3023}.Release|Any CPU.Build.0 = Release|Any CPU
		{63450DA5-907D-4950-9C06-C2F6DAFB3023}.Release|ARM.ActiveCfg = Release|Any CPU
		{63450DA5-907D-4950-9C06-C2F6DAFB3023}.Release|ARM.Build.0 = Release|Any CPU
		{63450DA5-907D-4950-9C06-C2F6DAFB3023}.Release|iPhone.ActiveCfg = Release|Any CPU
		{63450DA5-907D-4950-9C06-C2F6DAFB3023}.Release|iPhone.Build.0 = Release|Any CPU
		{63450DA5-907D-4950-9C06-C2F6DAFB3023}.Release|iPhoneSimulator.ActiveCfg = Release|Any CPU
		{63450DA5-907D-4950-9C06-C2F6DAFB3023}.Release|iPhoneSimulator.Build.0 = Release|Any CPU
		{63450DA5-907D-4950-9C06-C2F6DAFB3023}.Release|x64.ActiveCfg = Release|Any CPU
		{63450DA5-907D-4950-9C06-C2F6DAFB3023}.Release|x64.Build.0 = Release|Any CPU
		{63450DA5-907D-4950-9C06-C2F6DAFB3023}.Release|x86.ActiveCfg = Release|Any CPU
		{63450DA5-907D-4950-9C06-C2F6DAFB3023}.Release|x86.Build.0 = Release|Any CPU
		{F73DC8EC-40A1-496A-8BC1-EDF2AFDD5DD7}.Debug|Any CPU.ActiveCfg = Debug|Any CPU
		{F73DC8EC-40A1-496A-8BC1-EDF2AFDD5DD7}.Debug|Any CPU.Build.0 = Debug|Any CPU
		{F73DC8EC-40A1-496A-8BC1-EDF2AFDD5DD7}.Debug|ARM.ActiveCfg = Debug|Any CPU
		{F73DC8EC-40A1-496A-8BC1-EDF2AFDD5DD7}.Debug|ARM.Build.0 = Debug|Any CPU
		{F73DC8EC-40A1-496A-8BC1-EDF2AFDD5DD7}.Debug|iPhone.ActiveCfg = Debug|Any CPU
		{F73DC8EC-40A1-496A-8BC1-EDF2AFDD5DD7}.Debug|iPhone.Build.0 = Debug|Any CPU
		{F73DC8EC-40A1-496A-8BC1-EDF2AFDD5DD7}.Debug|iPhoneSimulator.ActiveCfg = Debug|Any CPU
		{F73DC8EC-40A1-496A-8BC1-EDF2AFDD5DD7}.Debug|iPhoneSimulator.Build.0 = Debug|Any CPU
		{F73DC8EC-40A1-496A-8BC1-EDF2AFDD5DD7}.Debug|x64.ActiveCfg = Debug|Any CPU
		{F73DC8EC-40A1-496A-8BC1-EDF2AFDD5DD7}.Debug|x64.Build.0 = Debug|Any CPU
		{F73DC8EC-40A1-496A-8BC1-EDF2AFDD5DD7}.Debug|x86.ActiveCfg = Debug|Any CPU
		{F73DC8EC-40A1-496A-8BC1-EDF2AFDD5DD7}.Debug|x86.Build.0 = Debug|Any CPU
		{F73DC8EC-40A1-496A-8BC1-EDF2AFDD5DD7}.Release|Any CPU.ActiveCfg = Release|Any CPU
		{F73DC8EC-40A1-496A-8BC1-EDF2AFDD5DD7}.Release|Any CPU.Build.0 = Release|Any CPU
		{F73DC8EC-40A1-496A-8BC1-EDF2AFDD5DD7}.Release|ARM.ActiveCfg = Release|Any CPU
		{F73DC8EC-40A1-496A-8BC1-EDF2AFDD5DD7}.Release|ARM.Build.0 = Release|Any CPU
		{F73DC8EC-40A1-496A-8BC1-EDF2AFDD5DD7}.Release|iPhone.ActiveCfg = Release|Any CPU
		{F73DC8EC-40A1-496A-8BC1-EDF2AFDD5DD7}.Release|iPhone.Build.0 = Release|Any CPU
		{F73DC8EC-40A1-496A-8BC1-EDF2AFDD5DD7}.Release|iPhoneSimulator.ActiveCfg = Release|Any CPU
		{F73DC8EC-40A1-496A-8BC1-EDF2AFDD5DD7}.Release|iPhoneSimulator.Build.0 = Release|Any CPU
		{F73DC8EC-40A1-496A-8BC1-EDF2AFDD5DD7}.Release|x64.ActiveCfg = Release|Any CPU
		{F73DC8EC-40A1-496A-8BC1-EDF2AFDD5DD7}.Release|x64.Build.0 = Release|Any CPU
		{F73DC8EC-40A1-496A-8BC1-EDF2AFDD5DD7}.Release|x86.ActiveCfg = Release|Any CPU
		{F73DC8EC-40A1-496A-8BC1-EDF2AFDD5DD7}.Release|x86.Build.0 = Release|Any CPU
		{DEF319C0-2EE6-4BD8-BF0B-64CFFDB48B16}.Debug|Any CPU.ActiveCfg = Debug|Any CPU
		{DEF319C0-2EE6-4BD8-BF0B-64CFFDB48B16}.Debug|Any CPU.Build.0 = Debug|Any CPU
		{DEF319C0-2EE6-4BD8-BF0B-64CFFDB48B16}.Debug|ARM.ActiveCfg = Debug|Any CPU
		{DEF319C0-2EE6-4BD8-BF0B-64CFFDB48B16}.Debug|ARM.Build.0 = Debug|Any CPU
		{DEF319C0-2EE6-4BD8-BF0B-64CFFDB48B16}.Debug|iPhone.ActiveCfg = Debug|Any CPU
		{DEF319C0-2EE6-4BD8-BF0B-64CFFDB48B16}.Debug|iPhone.Build.0 = Debug|Any CPU
		{DEF319C0-2EE6-4BD8-BF0B-64CFFDB48B16}.Debug|iPhoneSimulator.ActiveCfg = Debug|Any CPU
		{DEF319C0-2EE6-4BD8-BF0B-64CFFDB48B16}.Debug|iPhoneSimulator.Build.0 = Debug|Any CPU
		{DEF319C0-2EE6-4BD8-BF0B-64CFFDB48B16}.Debug|x64.ActiveCfg = Debug|Any CPU
		{DEF319C0-2EE6-4BD8-BF0B-64CFFDB48B16}.Debug|x64.Build.0 = Debug|Any CPU
		{DEF319C0-2EE6-4BD8-BF0B-64CFFDB48B16}.Debug|x86.ActiveCfg = Debug|Any CPU
		{DEF319C0-2EE6-4BD8-BF0B-64CFFDB48B16}.Debug|x86.Build.0 = Debug|Any CPU
		{DEF319C0-2EE6-4BD8-BF0B-64CFFDB48B16}.Release|Any CPU.ActiveCfg = Release|Any CPU
		{DEF319C0-2EE6-4BD8-BF0B-64CFFDB48B16}.Release|Any CPU.Build.0 = Release|Any CPU
		{DEF319C0-2EE6-4BD8-BF0B-64CFFDB48B16}.Release|ARM.ActiveCfg = Release|Any CPU
		{DEF319C0-2EE6-4BD8-BF0B-64CFFDB48B16}.Release|ARM.Build.0 = Release|Any CPU
		{DEF319C0-2EE6-4BD8-BF0B-64CFFDB48B16}.Release|iPhone.ActiveCfg = Release|Any CPU
		{DEF319C0-2EE6-4BD8-BF0B-64CFFDB48B16}.Release|iPhone.Build.0 = Release|Any CPU
		{DEF319C0-2EE6-4BD8-BF0B-64CFFDB48B16}.Release|iPhoneSimulator.ActiveCfg = Release|Any CPU
		{DEF319C0-2EE6-4BD8-BF0B-64CFFDB48B16}.Release|iPhoneSimulator.Build.0 = Release|Any CPU
		{DEF319C0-2EE6-4BD8-BF0B-64CFFDB48B16}.Release|x64.ActiveCfg = Release|Any CPU
		{DEF319C0-2EE6-4BD8-BF0B-64CFFDB48B16}.Release|x64.Build.0 = Release|Any CPU
		{DEF319C0-2EE6-4BD8-BF0B-64CFFDB48B16}.Release|x86.ActiveCfg = Release|Any CPU
		{DEF319C0-2EE6-4BD8-BF0B-64CFFDB48B16}.Release|x86.Build.0 = Release|Any CPU
		{72FED193-570A-4BCE-A1F1-667A7993001D}.Debug|Any CPU.ActiveCfg = Debug|Any CPU
		{72FED193-570A-4BCE-A1F1-667A7993001D}.Debug|Any CPU.Build.0 = Debug|Any CPU
		{72FED193-570A-4BCE-A1F1-667A7993001D}.Debug|ARM.ActiveCfg = Debug|Any CPU
		{72FED193-570A-4BCE-A1F1-667A7993001D}.Debug|ARM.Build.0 = Debug|Any CPU
		{72FED193-570A-4BCE-A1F1-667A7993001D}.Debug|iPhone.ActiveCfg = Debug|Any CPU
		{72FED193-570A-4BCE-A1F1-667A7993001D}.Debug|iPhone.Build.0 = Debug|Any CPU
		{72FED193-570A-4BCE-A1F1-667A7993001D}.Debug|iPhoneSimulator.ActiveCfg = Debug|Any CPU
		{72FED193-570A-4BCE-A1F1-667A7993001D}.Debug|iPhoneSimulator.Build.0 = Debug|Any CPU
		{72FED193-570A-4BCE-A1F1-667A7993001D}.Debug|x64.ActiveCfg = Debug|Any CPU
		{72FED193-570A-4BCE-A1F1-667A7993001D}.Debug|x64.Build.0 = Debug|Any CPU
		{72FED193-570A-4BCE-A1F1-667A7993001D}.Debug|x86.ActiveCfg = Debug|Any CPU
		{72FED193-570A-4BCE-A1F1-667A7993001D}.Debug|x86.Build.0 = Debug|Any CPU
		{72FED193-570A-4BCE-A1F1-667A7993001D}.Release|Any CPU.ActiveCfg = Release|Any CPU
		{72FED193-570A-4BCE-A1F1-667A7993001D}.Release|Any CPU.Build.0 = Release|Any CPU
		{72FED193-570A-4BCE-A1F1-667A7993001D}.Release|ARM.ActiveCfg = Release|Any CPU
		{72FED193-570A-4BCE-A1F1-667A7993001D}.Release|ARM.Build.0 = Release|Any CPU
		{72FED193-570A-4BCE-A1F1-667A7993001D}.Release|iPhone.ActiveCfg = Release|Any CPU
		{72FED193-570A-4BCE-A1F1-667A7993001D}.Release|iPhone.Build.0 = Release|Any CPU
		{72FED193-570A-4BCE-A1F1-667A7993001D}.Release|iPhoneSimulator.ActiveCfg = Release|Any CPU
		{72FED193-570A-4BCE-A1F1-667A7993001D}.Release|iPhoneSimulator.Build.0 = Release|Any CPU
		{72FED193-570A-4BCE-A1F1-667A7993001D}.Release|x64.ActiveCfg = Release|Any CPU
		{72FED193-570A-4BCE-A1F1-667A7993001D}.Release|x64.Build.0 = Release|Any CPU
		{72FED193-570A-4BCE-A1F1-667A7993001D}.Release|x86.ActiveCfg = Release|Any CPU
		{72FED193-570A-4BCE-A1F1-667A7993001D}.Release|x86.Build.0 = Release|Any CPU
		{C64DF6DA-6AAD-49D0-9E3F-014FA2DB0F4A}.Debug|Any CPU.ActiveCfg = Debug|Any CPU
		{C64DF6DA-6AAD-49D0-9E3F-014FA2DB0F4A}.Debug|Any CPU.Build.0 = Debug|Any CPU
		{C64DF6DA-6AAD-49D0-9E3F-014FA2DB0F4A}.Debug|ARM.ActiveCfg = Debug|Any CPU
		{C64DF6DA-6AAD-49D0-9E3F-014FA2DB0F4A}.Debug|ARM.Build.0 = Debug|Any CPU
		{C64DF6DA-6AAD-49D0-9E3F-014FA2DB0F4A}.Debug|iPhone.ActiveCfg = Debug|Any CPU
		{C64DF6DA-6AAD-49D0-9E3F-014FA2DB0F4A}.Debug|iPhone.Build.0 = Debug|Any CPU
		{C64DF6DA-6AAD-49D0-9E3F-014FA2DB0F4A}.Debug|iPhoneSimulator.ActiveCfg = Debug|Any CPU
		{C64DF6DA-6AAD-49D0-9E3F-014FA2DB0F4A}.Debug|iPhoneSimulator.Build.0 = Debug|Any CPU
		{C64DF6DA-6AAD-49D0-9E3F-014FA2DB0F4A}.Debug|x64.ActiveCfg = Debug|Any CPU
		{C64DF6DA-6AAD-49D0-9E3F-014FA2DB0F4A}.Debug|x64.Build.0 = Debug|Any CPU
		{C64DF6DA-6AAD-49D0-9E3F-014FA2DB0F4A}.Debug|x86.ActiveCfg = Debug|Any CPU
		{C64DF6DA-6AAD-49D0-9E3F-014FA2DB0F4A}.Debug|x86.Build.0 = Debug|Any CPU
		{C64DF6DA-6AAD-49D0-9E3F-014FA2DB0F4A}.Release|Any CPU.ActiveCfg = Release|Any CPU
		{C64DF6DA-6AAD-49D0-9E3F-014FA2DB0F4A}.Release|Any CPU.Build.0 = Release|Any CPU
		{C64DF6DA-6AAD-49D0-9E3F-014FA2DB0F4A}.Release|ARM.ActiveCfg = Release|Any CPU
		{C64DF6DA-6AAD-49D0-9E3F-014FA2DB0F4A}.Release|ARM.Build.0 = Release|Any CPU
		{C64DF6DA-6AAD-49D0-9E3F-014FA2DB0F4A}.Release|iPhone.ActiveCfg = Release|Any CPU
		{C64DF6DA-6AAD-49D0-9E3F-014FA2DB0F4A}.Release|iPhone.Build.0 = Release|Any CPU
		{C64DF6DA-6AAD-49D0-9E3F-014FA2DB0F4A}.Release|iPhoneSimulator.ActiveCfg = Release|Any CPU
		{C64DF6DA-6AAD-49D0-9E3F-014FA2DB0F4A}.Release|iPhoneSimulator.Build.0 = Release|Any CPU
		{C64DF6DA-6AAD-49D0-9E3F-014FA2DB0F4A}.Release|x64.ActiveCfg = Release|Any CPU
		{C64DF6DA-6AAD-49D0-9E3F-014FA2DB0F4A}.Release|x64.Build.0 = Release|Any CPU
		{C64DF6DA-6AAD-49D0-9E3F-014FA2DB0F4A}.Release|x86.ActiveCfg = Release|Any CPU
		{C64DF6DA-6AAD-49D0-9E3F-014FA2DB0F4A}.Release|x86.Build.0 = Release|Any CPU
		{CB61DCF3-0A33-4F65-A78E-6E3B7C0AF219}.Debug|Any CPU.ActiveCfg = Debug|Any CPU
		{CB61DCF3-0A33-4F65-A78E-6E3B7C0AF219}.Debug|Any CPU.Build.0 = Debug|Any CPU
		{CB61DCF3-0A33-4F65-A78E-6E3B7C0AF219}.Debug|ARM.ActiveCfg = Debug|Any CPU
		{CB61DCF3-0A33-4F65-A78E-6E3B7C0AF219}.Debug|ARM.Build.0 = Debug|Any CPU
		{CB61DCF3-0A33-4F65-A78E-6E3B7C0AF219}.Debug|iPhone.ActiveCfg = Debug|Any CPU
		{CB61DCF3-0A33-4F65-A78E-6E3B7C0AF219}.Debug|iPhone.Build.0 = Debug|Any CPU
		{CB61DCF3-0A33-4F65-A78E-6E3B7C0AF219}.Debug|iPhoneSimulator.ActiveCfg = Debug|Any CPU
		{CB61DCF3-0A33-4F65-A78E-6E3B7C0AF219}.Debug|iPhoneSimulator.Build.0 = Debug|Any CPU
		{CB61DCF3-0A33-4F65-A78E-6E3B7C0AF219}.Debug|x64.ActiveCfg = Debug|Any CPU
		{CB61DCF3-0A33-4F65-A78E-6E3B7C0AF219}.Debug|x64.Build.0 = Debug|Any CPU
		{CB61DCF3-0A33-4F65-A78E-6E3B7C0AF219}.Debug|x86.ActiveCfg = Debug|Any CPU
		{CB61DCF3-0A33-4F65-A78E-6E3B7C0AF219}.Debug|x86.Build.0 = Debug|Any CPU
		{CB61DCF3-0A33-4F65-A78E-6E3B7C0AF219}.Release|Any CPU.ActiveCfg = Release|Any CPU
		{CB61DCF3-0A33-4F65-A78E-6E3B7C0AF219}.Release|Any CPU.Build.0 = Release|Any CPU
		{CB61DCF3-0A33-4F65-A78E-6E3B7C0AF219}.Release|ARM.ActiveCfg = Release|Any CPU
		{CB61DCF3-0A33-4F65-A78E-6E3B7C0AF219}.Release|ARM.Build.0 = Release|Any CPU
		{CB61DCF3-0A33-4F65-A78E-6E3B7C0AF219}.Release|iPhone.ActiveCfg = Release|Any CPU
		{CB61DCF3-0A33-4F65-A78E-6E3B7C0AF219}.Release|iPhone.Build.0 = Release|Any CPU
		{CB61DCF3-0A33-4F65-A78E-6E3B7C0AF219}.Release|iPhoneSimulator.ActiveCfg = Release|Any CPU
		{CB61DCF3-0A33-4F65-A78E-6E3B7C0AF219}.Release|iPhoneSimulator.Build.0 = Release|Any CPU
		{CB61DCF3-0A33-4F65-A78E-6E3B7C0AF219}.Release|x64.ActiveCfg = Release|Any CPU
		{CB61DCF3-0A33-4F65-A78E-6E3B7C0AF219}.Release|x64.Build.0 = Release|Any CPU
		{CB61DCF3-0A33-4F65-A78E-6E3B7C0AF219}.Release|x86.ActiveCfg = Release|Any CPU
		{CB61DCF3-0A33-4F65-A78E-6E3B7C0AF219}.Release|x86.Build.0 = Release|Any CPU
	EndGlobalSection
	GlobalSection(SolutionProperties) = preSolution
		HideSolutionNode = FALSE
	EndGlobalSection
	GlobalSection(NestedProjects) = preSolution
		{44910F4D-49FF-41EB-B234-EB88092E9339} = {D30B7664-6296-427E-9840-1091C77FFD21}
		{0E510CE2-BAC5-4321-9645-9720A05A80A6} = {3D57F656-98E0-47C3-80D4-B29B101C3CDD}
		{3C0F622D-6B11-4FC7-894C-B81A08E72870} = {D30B7664-6296-427E-9840-1091C77FFD21}
		{7D19E44C-C829-42E2-9423-E275861A8FE2} = {D30B7664-6296-427E-9840-1091C77FFD21}
		{63450DA5-907D-4950-9C06-C2F6DAFB3023} = {D30B7664-6296-427E-9840-1091C77FFD21}
		{F73DC8EC-40A1-496A-8BC1-EDF2AFDD5DD7} = {D30B7664-6296-427E-9840-1091C77FFD21}
		{DEF319C0-2EE6-4BD8-BF0B-64CFFDB48B16} = {D30B7664-6296-427E-9840-1091C77FFD21}
		{72FED193-570A-4BCE-A1F1-667A7993001D} = {3D57F656-98E0-47C3-80D4-B29B101C3CDD}
		{C64DF6DA-6AAD-49D0-9E3F-014FA2DB0F4A} = {8DE1F8A3-2DF9-4044-9761-1DA8740F4F1C}
		{CB61DCF3-0A33-4F65-A78E-6E3B7C0AF219} = {8DE1F8A3-2DF9-4044-9761-1DA8740F4F1C}
	EndGlobalSection
	GlobalSection(ExtensibilityGlobals) = postSolution
		SolutionGuid = {EF87B603-C3F4-42C8-ABC2-4416131D44C1}
	EndGlobalSection
EndGlobal
